
Microsoft Visual Studio Solution File, Format Version 12.00
# Visual Studio Version 17
VisualStudioVersion = 17.0.31912.275
MinimumVisualStudioVersion = 10.0.40219.1
Project("{FAE04EC0-301F-11D3-BF4B-00C04F79EFBC}") = "coba gif 2022", "coba gif 2022\coba gif 2022.csproj", "{8388A929-21CC-4963-9FDA-D95019E53067}"
EndProject
Global
	GlobalSection(SolutionConfigurationPlatforms) = preSolution
		Debug|Any CPU = Debug|Any CPU
		Release|Any CPU = Release|Any CPU
	EndGlobalSection
	GlobalSection(ProjectConfigurationPlatforms) = postSolution
		{8388A929-21CC-4963-9FDA-D95019E53067}.Debug|Any CPU.ActiveCfg = Debug|Any CPU
		{8388A929-21CC-4963-9FDA-D95019E53067}.Debug|Any CPU.Build.0 = Debug|Any CPU
		{8388A929-21CC-4963-9FDA-D95019E53067}.Release|Any CPU.ActiveCfg = Release|Any CPU
		{8388A929-21CC-4963-9FDA-D95019E53067}.Release|Any CPU.Build.0 = Release|Any CPU
	EndGlobalSection
	GlobalSection(SolutionProperties) = preSolution
		HideSolutionNode = FALSE
	EndGlobalSection
	GlobalSection(ExtensibilityGlobals) = postSolution
		SolutionGuid = {BD456620-F966-4363-A070-93B02E08D135}
	EndGlobalSection
EndGlobal
